
Microsoft Visual Studio Solution File, Format Version 12.00
# Visual Studio Version 16
VisualStudioVersion = 16.0.34902.97
MinimumVisualStudioVersion = 10.0.40219.1
Project("{FAE04EC0-301F-11D3-BF4B-00C04F79EFBC}") = "WinFormswithEFSample", "WinFormswithEFSample\WinFormswithEFSample.csproj", "{0F3B1166-90D2-478A-8DB8-C7DECEDF2CB0}"
EndProject
Global
	GlobalSection(SolutionConfigurationPlatforms) = preSolution
		Debug|Any CPU = Debug|Any CPU
		Release|Any CPU = Release|Any CPU
	EndGlobalSection
	GlobalSection(ProjectConfigurationPlatforms) = postSolution
		{0F3B1166-90D2-478A-8DB8-C7DECEDF2CB0}.Debug|Any CPU.ActiveCfg = Debug|Any CPU
		{0F3B1166-90D2-478A-8DB8-C7DECEDF2CB0}.Debug|Any CPU.Build.0 = Debug|Any CPU
		{0F3B1166-90D2-478A-8DB8-C7DECEDF2CB0}.Release|Any CPU.ActiveCfg = Release|Any CPU
		{0F3B1166-90D2-478A-8DB8-C7DECEDF2CB0}.Release|Any CPU.Build.0 = Release|Any CPU
	EndGlobalSection
	GlobalSection(SolutionProperties) = preSolution
		HideSolutionNode = FALSE
	EndGlobalSection
	GlobalSection(ExtensibilityGlobals) = postSolution
		SolutionGuid = {65211FE0-563B-4951-AF19-6C5E25AE2A6E}
	EndGlobalSection
EndGlobal
